
Microsoft Visual Studio Solution File, Format Version 12.00
# Visual Studio Version 17
VisualStudioVersion = 17.11.35431.28
MinimumVisualStudioVersion = 10.0.40219.1
Project("{9A19103F-16F7-4668-BE54-9A1E7A4F7556}") = "ToDoList.Web", "ToDoList.Web\ToDoList.Web.csproj", "{1FF0A72F-4B66-4F2C-85B7-718A768E9D94}"
EndProject
Project("{9A19103F-16F7-4668-BE54-9A1E7A4F7556}") = "ToDoList.Service", "ToDoList.Service\ToDoList.Service.csproj", "{D7809677-22BB-482E-8F22-B17302F8A49E}"
EndProject
Project("{9A19103F-16F7-4668-BE54-9A1E7A4F7556}") = "ToDoList.DAL", "ToDoList.DAL\ToDoList.DAL.csproj", "{2C0D76DC-534E-455C-993B-C835754950CA}"
EndProject
Project("{9A19103F-16F7-4668-BE54-9A1E7A4F7556}") = "ToDoList.Test.Unit", "ToDoList.Test.Unit\ToDoList.Test.Unit.csproj", "{6AFCFAD7-F034-4DE3-9291-2C7FF41B1691}"
EndProject
Global
	GlobalSection(SolutionConfigurationPlatforms) = preSolution
		Debug|Any CPU = Debug|Any CPU
		Release|Any CPU = Release|Any CPU
	EndGlobalSection
	GlobalSection(ProjectConfigurationPlatforms) = postSolution
		{1FF0A72F-4B66-4F2C-85B7-718A768E9D94}.Debug|Any CPU.ActiveCfg = Debug|Any CPU
		{1FF0A72F-4B66-4F2C-85B7-718A768E9D94}.Debug|Any CPU.Build.0 = Debug|Any CPU
		{1FF0A72F-4B66-4F2C-85B7-718A768E9D94}.Release|Any CPU.ActiveCfg = Release|Any CPU
		{1FF0A72F-4B66-4F2C-85B7-718A768E9D94}.Release|Any CPU.Build.0 = Release|Any CPU
		{D7809677-22BB-482E-8F22-B17302F8A49E}.Debug|Any CPU.ActiveCfg = Debug|Any CPU
		{D7809677-22BB-482E-8F22-B17302F8A49E}.Debug|Any CPU.Build.0 = Debug|Any CPU
		{D7809677-22BB-482E-8F22-B17302F8A49E}.Release|Any CPU.ActiveCfg = Release|Any CPU
		{D7809677-22BB-482E-8F22-B17302F8A49E}.Release|Any CPU.Build.0 = Release|Any CPU
		{2C0D76DC-534E-455C-993B-C835754950CA}.Debug|Any CPU.ActiveCfg = Debug|Any CPU
		{2C0D76DC-534E-455C-993B-C835754950CA}.Debug|Any CPU.Build.0 = Debug|Any CPU
		{2C0D76DC-534E-455C-993B-C835754950CA}.Release|Any CPU.ActiveCfg = Release|Any CPU
		{2C0D76DC-534E-455C-993B-C835754950CA}.Release|Any CPU.Build.0 = Release|Any CPU
		{6AFCFAD7-F034-4DE3-9291-2C7FF41B1691}.Debug|Any CPU.ActiveCfg = Debug|Any CPU
		{6AFCFAD7-F034-4DE3-9291-2C7FF41B1691}.Debug|Any CPU.Build.0 = Debug|Any CPU
		{6AFCFAD7-F034-4DE3-9291-2C7FF41B1691}.Release|Any CPU.ActiveCfg = Release|Any CPU
		{6AFCFAD7-F034-4DE3-9291-2C7FF41B1691}.Release|Any CPU.Build.0 = Release|Any CPU
	EndGlobalSection
	GlobalSection(SolutionProperties) = preSolution
		HideSolutionNode = FALSE
	EndGlobalSection
	GlobalSection(ExtensibilityGlobals) = postSolution
		SolutionGuid = {0F11448A-41BD-45AA-9CCA-61120CC609AD}
	EndGlobalSection
EndGlobal
